
Microsoft Visual Studio Solution File, Format Version 12.00
# Visual Studio Version 17
VisualStudioVersion = 17.2.32630.192
MinimumVisualStudioVersion = 10.0.40219.1
Project("{FAE04EC0-301F-11D3-BF4B-00C04F79EFBC}") = "RevitAddinAcademy", "RevitAddinAcademy\RevitAddinAcademy.csproj", "{4A1B6BBD-952C-43EA-89BF-FF35C2F7BABD}"
EndProject
Global
	GlobalSection(SolutionConfigurationPlatforms) = preSolution
		Debug|Any CPU = Debug|Any CPU
		Release|Any CPU = Release|Any CPU
	EndGlobalSection
	GlobalSection(ProjectConfigurationPlatforms) = postSolution
		{4A1B6BBD-952C-43EA-89BF-FF35C2F7BABD}.Debug|Any CPU.ActiveCfg = Debug|Any CPU
		{4A1B6BBD-952C-43EA-89BF-FF35C2F7BABD}.Debug|Any CPU.Build.0 = Debug|Any CPU
		{4A1B6BBD-952C-43EA-89BF-FF35C2F7BABD}.Release|Any CPU.ActiveCfg = Release|Any CPU
		{4A1B6BBD-952C-43EA-89BF-FF35C2F7BABD}.Release|Any CPU.Build.0 = Release|Any CPU
	EndGlobalSection
	GlobalSection(SolutionProperties) = preSolution
		HideSolutionNode = FALSE
	EndGlobalSection
	GlobalSection(ExtensibilityGlobals) = postSolution
		SolutionGuid = {1F6F9D25-CD46-4220-94D0-25D5452C55CA}
	EndGlobalSection
EndGlobal
